// !$*UTF8*$!
{
	archiveVersion = 1;
	classes = {
	};
	objectVersion = 46;
	objects = {

/* Begin PBXBuildFile section */
		28E628BC1C52F1480043AB74 /* alignpath.cpp in Sources */ = {isa = PBXBuildFile; fileRef = 28E6289D1C52F1480043AB74 /* alignpath.cpp */; };
		28E628BD1C52F1480043AB74 /* fastseq.cpp in Sources */ = {isa = PBXBuildFile; fileRef = 28E6289F1C52F1480043AB74 /* fastseq.cpp */; };
		28E628BE1C52F1480043AB74 /* forward.cpp in Sources */ = {isa = PBXBuildFile; fileRef = 28E628A11C52F1480043AB74 /* forward.cpp */; };
		28E628BF1C52F1480043AB74 /* gason.cpp in Sources */ = {isa = PBXBuildFile; fileRef = 28E628A31C52F1480043AB74 /* gason.cpp */; };
		28E628C01C52F1480043AB74 /* jsonutil.cpp in Sources */ = {isa = PBXBuildFile; fileRef = 28E628A51C52F1480043AB74 /* jsonutil.cpp */; };
		28E628C11C52F1480043AB74 /* knhx.c in Sources */ = {isa = PBXBuildFile; fileRef = 28E628A71C52F1480043AB74 /* knhx.c */; };
		28E628C21C52F1480043AB74 /* logger.cpp in Sources */ = {isa = PBXBuildFile; fileRef = 28E628AA1C52F1480043AB74 /* logger.cpp */; };
		28E628C31C52F1480043AB74 /* logsumexp.cpp in Sources */ = {isa = PBXBuildFile; fileRef = 28E628AC1C52F1480043AB74 /* logsumexp.cpp */; };
		28E628C41C52F1480043AB74 /* model.cpp in Sources */ = {isa = PBXBuildFile; fileRef = 28E628AE1C52F1480043AB74 /* model.cpp */; };
		28E628C51C52F1480043AB74 /* optparser.cpp in Sources */ = {isa = PBXBuildFile; fileRef = 28E628B01C52F1480043AB74 /* optparser.cpp */; };
		28E628C61C52F1480043AB74 /* pairhmm.cpp in Sources */ = {isa = PBXBuildFile; fileRef = 28E628B21C52F1480043AB74 /* pairhmm.cpp */; };
		28E628C71C52F1480043AB74 /* profile.cpp in Sources */ = {isa = PBXBuildFile; fileRef = 28E628B41C52F1480043AB74 /* profile.cpp */; };
		28E628C81C52F1480043AB74 /* util.cpp in Sources */ = {isa = PBXBuildFile; fileRef = 28E628B91C52F1480043AB74 /* util.cpp */; };
		28E628CE1C52F2E50043AB74 /* libz.1.dylib in Frameworks */ = {isa = PBXBuildFile; fileRef = 28E628CD1C52F2E50043AB74 /* libz.1.dylib */; };
		28E628D01C52F3050043AB74 /* testforward.cpp in Sources */ = {isa = PBXBuildFile; fileRef = 28E628CF1C52F3050043AB74 /* testforward.cpp */; };
		28E628D41C52F40F0043AB74 /* libgsl.a in Frameworks */ = {isa = PBXBuildFile; fileRef = 28E628D31C52F40F0043AB74 /* libgsl.a */; };
		28E628D61C52F4A30043AB74 /* libgslcblas.a in Frameworks */ = {isa = PBXBuildFile; fileRef = 28E628D51C52F4A30043AB74 /* libgslcblas.a */; };
/* End PBXBuildFile section */

/* Begin PBXCopyFilesBuildPhase section */
		28E628911C52F1250043AB74 /* CopyFiles */ = {
			isa = PBXCopyFilesBuildPhase;
			buildActionMask = 2147483647;
			dstPath = /usr/share/man/man1/;
			dstSubfolderSpec = 0;
			files = (
			);
			runOnlyForDeploymentPostprocessing = 1;
		};
/* End PBXCopyFilesBuildPhase section */

/* Begin PBXFileReference section */
		28E628931C52F1250043AB74 /* idhist */ = {isa = PBXFileReference; explicitFileType = "compiled.mach-o.executable"; includeInIndex = 0; path = idhist; sourceTree = BUILT_PRODUCTS_DIR; };
		28E6289D1C52F1480043AB74 /* alignpath.cpp */ = {isa = PBXFileReference; fileEncoding = 4; lastKnownFileType = sourcecode.cpp.cpp; name = alignpath.cpp; path = /Users/yam/indelhistorian/src/alignpath.cpp; sourceTree = "<absolute>"; };
		28E6289E1C52F1480043AB74 /* alignpath.h */ = {isa = PBXFileReference; fileEncoding = 4; lastKnownFileType = sourcecode.c.h; name = alignpath.h; path = /Users/yam/indelhistorian/src/alignpath.h; sourceTree = "<absolute>"; };
		28E6289F1C52F1480043AB74 /* fastseq.cpp */ = {isa = PBXFileReference; fileEncoding = 4; lastKnownFileType = sourcecode.cpp.cpp; name = fastseq.cpp; path = /Users/yam/indelhistorian/src/fastseq.cpp; sourceTree = "<absolute>"; };
		28E628A01C52F1480043AB74 /* fastseq.h */ = {isa = PBXFileReference; fileEncoding = 4; lastKnownFileType = sourcecode.c.h; name = fastseq.h; path = /Users/yam/indelhistorian/src/fastseq.h; sourceTree = "<absolute>"; };
		28E628A11C52F1480043AB74 /* forward.cpp */ = {isa = PBXFileReference; fileEncoding = 4; lastKnownFileType = sourcecode.cpp.cpp; name = forward.cpp; path = /Users/yam/indelhistorian/src/forward.cpp; sourceTree = "<absolute>"; };
		28E628A21C52F1480043AB74 /* forward.h */ = {isa = PBXFileReference; fileEncoding = 4; lastKnownFileType = sourcecode.c.h; name = forward.h; path = /Users/yam/indelhistorian/src/forward.h; sourceTree = "<absolute>"; };
		28E628A31C52F1480043AB74 /* gason.cpp */ = {isa = PBXFileReference; fileEncoding = 4; lastKnownFileType = sourcecode.cpp.cpp; name = gason.cpp; path = /Users/yam/indelhistorian/src/gason.cpp; sourceTree = "<absolute>"; };
		28E628A41C52F1480043AB74 /* gason.h */ = {isa = PBXFileReference; fileEncoding = 4; lastKnownFileType = sourcecode.c.h; name = gason.h; path = /Users/yam/indelhistorian/src/gason.h; sourceTree = "<absolute>"; };
		28E628A51C52F1480043AB74 /* jsonutil.cpp */ = {isa = PBXFileReference; fileEncoding = 4; lastKnownFileType = sourcecode.cpp.cpp; name = jsonutil.cpp; path = /Users/yam/indelhistorian/src/jsonutil.cpp; sourceTree = "<absolute>"; };
		28E628A61C52F1480043AB74 /* jsonutil.h */ = {isa = PBXFileReference; fileEncoding = 4; lastKnownFileType = sourcecode.c.h; name = jsonutil.h; path = /Users/yam/indelhistorian/src/jsonutil.h; sourceTree = "<absolute>"; };
		28E628A71C52F1480043AB74 /* knhx.c */ = {isa = PBXFileReference; fileEncoding = 4; lastKnownFileType = sourcecode.c.c; name = knhx.c; path = /Users/yam/indelhistorian/src/knhx.c; sourceTree = "<absolute>"; };
		28E628A81C52F1480043AB74 /* knhx.h */ = {isa = PBXFileReference; fileEncoding = 4; lastKnownFileType = sourcecode.c.h; name = knhx.h; path = /Users/yam/indelhistorian/src/knhx.h; sourceTree = "<absolute>"; };
		28E628A91C52F1480043AB74 /* kseq.h */ = {isa = PBXFileReference; fileEncoding = 4; lastKnownFileType = sourcecode.c.h; name = kseq.h; path = /Users/yam/indelhistorian/src/kseq.h; sourceTree = "<absolute>"; };
		28E628AA1C52F1480043AB74 /* logger.cpp */ = {isa = PBXFileReference; fileEncoding = 4; lastKnownFileType = sourcecode.cpp.cpp; name = logger.cpp; path = /Users/yam/indelhistorian/src/logger.cpp; sourceTree = "<absolute>"; };
		28E628AB1C52F1480043AB74 /* logger.h */ = {isa = PBXFileReference; fileEncoding = 4; lastKnownFileType = sourcecode.c.h; name = logger.h; path = /Users/yam/indelhistorian/src/logger.h; sourceTree = "<absolute>"; };
		28E628AC1C52F1480043AB74 /* logsumexp.cpp */ = {isa = PBXFileReference; fileEncoding = 4; lastKnownFileType = sourcecode.cpp.cpp; name = logsumexp.cpp; path = /Users/yam/indelhistorian/src/logsumexp.cpp; sourceTree = "<absolute>"; };
		28E628AD1C52F1480043AB74 /* logsumexp.h */ = {isa = PBXFileReference; fileEncoding = 4; lastKnownFileType = sourcecode.c.h; name = logsumexp.h; path = /Users/yam/indelhistorian/src/logsumexp.h; sourceTree = "<absolute>"; };
		28E628AE1C52F1480043AB74 /* model.cpp */ = {isa = PBXFileReference; fileEncoding = 4; lastKnownFileType = sourcecode.cpp.cpp; name = model.cpp; path = /Users/yam/indelhistorian/src/model.cpp; sourceTree = "<absolute>"; };
		28E628AF1C52F1480043AB74 /* model.h */ = {isa = PBXFileReference; fileEncoding = 4; lastKnownFileType = sourcecode.c.h; name = model.h; path = /Users/yam/indelhistorian/src/model.h; sourceTree = "<absolute>"; };
		28E628B01C52F1480043AB74 /* optparser.cpp */ = {isa = PBXFileReference; fileEncoding = 4; lastKnownFileType = sourcecode.cpp.cpp; name = optparser.cpp; path = /Users/yam/indelhistorian/src/optparser.cpp; sourceTree = "<absolute>"; };
		28E628B11C52F1480043AB74 /* optparser.h */ = {isa = PBXFileReference; fileEncoding = 4; lastKnownFileType = sourcecode.c.h; name = optparser.h; path = /Users/yam/indelhistorian/src/optparser.h; sourceTree = "<absolute>"; };
		28E628B21C52F1480043AB74 /* pairhmm.cpp */ = {isa = PBXFileReference; fileEncoding = 4; lastKnownFileType = sourcecode.cpp.cpp; name = pairhmm.cpp; path = /Users/yam/indelhistorian/src/pairhmm.cpp; sourceTree = "<absolute>"; };
		28E628B31C52F1480043AB74 /* pairhmm.h */ = {isa = PBXFileReference; fileEncoding = 4; lastKnownFileType = sourcecode.c.h; name = pairhmm.h; path = /Users/yam/indelhistorian/src/pairhmm.h; sourceTree = "<absolute>"; };
		28E628B41C52F1480043AB74 /* profile.cpp */ = {isa = PBXFileReference; fileEncoding = 4; lastKnownFileType = sourcecode.cpp.cpp; name = profile.cpp; path = /Users/yam/indelhistorian/src/profile.cpp; sourceTree = "<absolute>"; };
		28E628B51C52F1480043AB74 /* profile.h */ = {isa = PBXFileReference; fileEncoding = 4; lastKnownFileType = sourcecode.c.h; name = profile.h; path = /Users/yam/indelhistorian/src/profile.h; sourceTree = "<absolute>"; };
		28E628B61C52F1480043AB74 /* recon.h */ = {isa = PBXFileReference; fileEncoding = 4; lastKnownFileType = sourcecode.c.h; name = recon.h; path = /Users/yam/indelhistorian/src/recon.h; sourceTree = "<absolute>"; };
		28E628B71C52F1480043AB74 /* regexmacros.h */ = {isa = PBXFileReference; fileEncoding = 4; lastKnownFileType = sourcecode.c.h; name = regexmacros.h; path = /Users/yam/indelhistorian/src/regexmacros.h; sourceTree = "<absolute>"; };
		28E628B81C52F1480043AB74 /* stacktrace.h */ = {isa = PBXFileReference; fileEncoding = 4; lastKnownFileType = sourcecode.c.h; name = stacktrace.h; path = /Users/yam/indelhistorian/src/stacktrace.h; sourceTree = "<absolute>"; };
		28E628B91C52F1480043AB74 /* util.cpp */ = {isa = PBXFileReference; fileEncoding = 4; lastKnownFileType = sourcecode.cpp.cpp; name = util.cpp; path = /Users/yam/indelhistorian/src/util.cpp; sourceTree = "<absolute>"; };
		28E628BA1C52F1480043AB74 /* util.h */ = {isa = PBXFileReference; fileEncoding = 4; lastKnownFileType = sourcecode.c.h; name = util.h; path = /Users/yam/indelhistorian/src/util.h; sourceTree = "<absolute>"; };
		28E628BB1C52F1480043AB74 /* vguard.h */ = {isa = PBXFileReference; fileEncoding = 4; lastKnownFileType = sourcecode.c.h; name = vguard.h; path = /Users/yam/indelhistorian/src/vguard.h; sourceTree = "<absolute>"; };
		28E628CD1C52F2E50043AB74 /* libz.1.dylib */ = {isa = PBXFileReference; lastKnownFileType = "compiled.mach-o.dylib"; name = libz.1.dylib; path = ../../../../../usr/lib/libz.1.dylib; sourceTree = "<group>"; };
		28E628CF1C52F3050043AB74 /* testforward.cpp */ = {isa = PBXFileReference; fileEncoding = 4; lastKnownFileType = sourcecode.cpp.cpp; name = testforward.cpp; path = /Users/yam/indelhistorian/t/testforward.cpp; sourceTree = "<absolute>"; };
		28E628D31C52F40F0043AB74 /* libgsl.a */ = {isa = PBXFileReference; lastKnownFileType = archive.ar; name = libgsl.a; path = ../../../../../usr/local/Cellar/gsl/1.16/lib/libgsl.a; sourceTree = "<group>"; };
		28E628D51C52F4A30043AB74 /* libgslcblas.a */ = {isa = PBXFileReference; lastKnownFileType = archive.ar; name = libgslcblas.a; path = ../../../../../usr/local/Cellar/gsl/1.16/lib/libgslcblas.a; sourceTree = "<group>"; };
/* End PBXFileReference section */

/* Begin PBXFrameworksBuildPhase section */
		28E628901C52F1250043AB74 /* Frameworks */ = {
			isa = PBXFrameworksBuildPhase;
			buildActionMask = 2147483647;
			files = (
				28E628D41C52F40F0043AB74 /* libgsl.a in Frameworks */,
				28E628CE1C52F2E50043AB74 /* libz.1.dylib in Frameworks */,
				28E628D61C52F4A30043AB74 /* libgslcblas.a in Frameworks */,
			);
			runOnlyForDeploymentPostprocessing = 0;
		};
/* End PBXFrameworksBuildPhase section */

/* Begin PBXGroup section */
		28E6288A1C52F1250043AB74 = {
			isa = PBXGroup;
			children = (
				28E628CD1C52F2E50043AB74 /* libz.1.dylib */,
				28E628D31C52F40F0043AB74 /* libgsl.a */,
				28E628D51C52F4A30043AB74 /* libgslcblas.a */,
				28E628951C52F1250043AB74 /* idhist */,
				28E628941C52F1250043AB74 /* Products */,
			);
			sourceTree = "<group>";
		};
		28E628941C52F1250043AB74 /* Products */ = {
			isa = PBXGroup;
			children = (
				28E628931C52F1250043AB74 /* idhist */,
			);
			name = Products;
			sourceTree = "<group>";
		};
		28E628951C52F1250043AB74 /* idhist */ = {
			isa = PBXGroup;
			children = (
				28E628CF1C52F3050043AB74 /* testforward.cpp */,
				28E6289D1C52F1480043AB74 /* alignpath.cpp */,
				28E6289E1C52F1480043AB74 /* alignpath.h */,
				28E6289F1C52F1480043AB74 /* fastseq.cpp */,
				28E628A01C52F1480043AB74 /* fastseq.h */,
				28E628A11C52F1480043AB74 /* forward.cpp */,
				28E628A21C52F1480043AB74 /* forward.h */,
				28E628A31C52F1480043AB74 /* gason.cpp */,
				28E628A41C52F1480043AB74 /* gason.h */,
				28E628A51C52F1480043AB74 /* jsonutil.cpp */,
				28E628A61C52F1480043AB74 /* jsonutil.h */,
				28E628A71C52F1480043AB74 /* knhx.c */,
				28E628A81C52F1480043AB74 /* knhx.h */,
				28E628A91C52F1480043AB74 /* kseq.h */,
				28E628AA1C52F1480043AB74 /* logger.cpp */,
				28E628AB1C52F1480043AB74 /* logger.h */,
				28E628AC1C52F1480043AB74 /* logsumexp.cpp */,
				28E628AD1C52F1480043AB74 /* logsumexp.h */,
				28E628AE1C52F1480043AB74 /* model.cpp */,
				28E628AF1C52F1480043AB74 /* model.h */,
				28E628B01C52F1480043AB74 /* optparser.cpp */,
				28E628B11C52F1480043AB74 /* optparser.h */,
				28E628B21C52F1480043AB74 /* pairhmm.cpp */,
				28E628B31C52F1480043AB74 /* pairhmm.h */,
				28E628B41C52F1480043AB74 /* profile.cpp */,
				28E628B51C52F1480043AB74 /* profile.h */,
				28E628B61C52F1480043AB74 /* recon.h */,
				28E628B71C52F1480043AB74 /* regexmacros.h */,
				28E628B81C52F1480043AB74 /* stacktrace.h */,
				28E628B91C52F1480043AB74 /* util.cpp */,
				28E628BA1C52F1480043AB74 /* util.h */,
				28E628BB1C52F1480043AB74 /* vguard.h */,
			);
			path = idhist;
			sourceTree = "<group>";
		};
/* End PBXGroup section */

/* Begin PBXNativeTarget section */
		28E628921C52F1250043AB74 /* idhist */ = {
			isa = PBXNativeTarget;
			buildConfigurationList = 28E6289A1C52F1250043AB74 /* Build configuration list for PBXNativeTarget "idhist" */;
			buildPhases = (
				28E6288F1C52F1250043AB74 /* Sources */,
				28E628901C52F1250043AB74 /* Frameworks */,
				28E628911C52F1250043AB74 /* CopyFiles */,
			);
			buildRules = (
			);
			dependencies = (
			);
			name = idhist;
			productName = idhist;
			productReference = 28E628931C52F1250043AB74 /* idhist */;
			productType = "com.apple.product-type.tool";
		};
/* End PBXNativeTarget section */

/* Begin PBXProject section */
		28E6288B1C52F1250043AB74 /* Project object */ = {
			isa = PBXProject;
			attributes = {
				LastUpgradeCheck = 0710;
				ORGANIZATIONNAME = "Ian Holmes";
				TargetAttributes = {
					28E628921C52F1250043AB74 = {
						CreatedOnToolsVersion = 7.1;
					};
				};
			};
			buildConfigurationList = 28E6288E1C52F1250043AB74 /* Build configuration list for PBXProject "idhist" */;
			compatibilityVersion = "Xcode 3.2";
			developmentRegion = English;
			hasScannedForEncodings = 0;
			knownRegions = (
				en,
			);
			mainGroup = 28E6288A1C52F1250043AB74;
			productRefGroup = 28E628941C52F1250043AB74 /* Products */;
			projectDirPath = "";
			projectRoot = "";
			targets = (
				28E628921C52F1250043AB74 /* idhist */,
			);
		};
/* End PBXProject section */

/* Begin PBXSourcesBuildPhase section */
		28E6288F1C52F1250043AB74 /* Sources */ = {
			isa = PBXSourcesBuildPhase;
			buildActionMask = 2147483647;
			files = (
				28E628C11C52F1480043AB74 /* knhx.c in Sources */,
				28E628C71C52F1480043AB74 /* profile.cpp in Sources */,
				28E628BE1C52F1480043AB74 /* forward.cpp in Sources */,
				28E628C41C52F1480043AB74 /* model.cpp in Sources */,
				28E628C31C52F1480043AB74 /* logsumexp.cpp in Sources */,
				28E628C51C52F1480043AB74 /* optparser.cpp in Sources */,
				28E628BC1C52F1480043AB74 /* alignpath.cpp in Sources */,
				28E628BF1C52F1480043AB74 /* gason.cpp in Sources */,
				28E628C21C52F1480043AB74 /* logger.cpp in Sources */,
				28E628D01C52F3050043AB74 /* testforward.cpp in Sources */,
				28E628C81C52F1480043AB74 /* util.cpp in Sources */,
				28E628C61C52F1480043AB74 /* pairhmm.cpp in Sources */,
				28E628C01C52F1480043AB74 /* jsonutil.cpp in Sources */,
				28E628BD1C52F1480043AB74 /* fastseq.cpp in Sources */,
			);
			runOnlyForDeploymentPostprocessing = 0;
		};
/* End PBXSourcesBuildPhase section */

/* Begin XCBuildConfiguration section */
		28E628981C52F1250043AB74 /* Debug */ = {
			isa = XCBuildConfiguration;
			buildSettings = {
				ALWAYS_SEARCH_USER_PATHS = NO;
				CLANG_CXX_LANGUAGE_STANDARD = "gnu++0x";
				CLANG_CXX_LIBRARY = "libc++";
				CLANG_ENABLE_MODULES = YES;
				CLANG_ENABLE_OBJC_ARC = YES;
				CLANG_WARN_BOOL_CONVERSION = YES;
				CLANG_WARN_CONSTANT_CONVERSION = YES;
				CLANG_WARN_DIRECT_OBJC_ISA_USAGE = YES_ERROR;
				CLANG_WARN_EMPTY_BODY = YES;
				CLANG_WARN_ENUM_CONVERSION = YES;
				CLANG_WARN_INT_CONVERSION = YES;
				CLANG_WARN_OBJC_ROOT_CLASS = YES_ERROR;
				CLANG_WARN_UNREACHABLE_CODE = YES;
				CLANG_WARN__DUPLICATE_METHOD_MATCH = YES;
				CODE_SIGN_IDENTITY = "-";
				COPY_PHASE_STRIP = NO;
				DEBUG_INFORMATION_FORMAT = dwarf;
				ENABLE_STRICT_OBJC_MSGSEND = YES;
				ENABLE_TESTABILITY = YES;
				GCC_C_LANGUAGE_STANDARD = gnu99;
				GCC_DYNAMIC_NO_PIC = NO;
				GCC_NO_COMMON_BLOCKS = YES;
				GCC_OPTIMIZATION_LEVEL = 0;
				GCC_PREPROCESSOR_DEFINITIONS = (
					"DEBUG=1",
					"$(inherited)",
				);
				GCC_WARN_64_TO_32_BIT_CONVERSION = YES;
				GCC_WARN_ABOUT_RETURN_TYPE = YES_ERROR;
				GCC_WARN_UNDECLARED_SELECTOR = YES;
				GCC_WARN_UNINITIALIZED_AUTOS = YES_AGGRESSIVE;
				GCC_WARN_UNUSED_FUNCTION = YES;
				GCC_WARN_UNUSED_VARIABLE = YES;
				MACOSX_DEPLOYMENT_TARGET = 10.10;
				MTL_ENABLE_DEBUG_INFO = YES;
				ONLY_ACTIVE_ARCH = YES;
				SDKROOT = macosx;
			};
			name = Debug;
		};
		28E628991C52F1250043AB74 /* Release */ = {
			isa = XCBuildConfiguration;
			buildSettings = {
				ALWAYS_SEARCH_USER_PATHS = NO;
				CLANG_CXX_LANGUAGE_STANDARD = "gnu++0x";
				CLANG_CXX_LIBRARY = "libc++";
				CLANG_ENABLE_MODULES = YES;
				CLANG_ENABLE_OBJC_ARC = YES;
				CLANG_WARN_BOOL_CONVERSION = YES;
				CLANG_WARN_CONSTANT_CONVERSION = YES;
				CLANG_WARN_DIRECT_OBJC_ISA_USAGE = YES_ERROR;
				CLANG_WARN_EMPTY_BODY = YES;
				CLANG_WARN_ENUM_CONVERSION = YES;
				CLANG_WARN_INT_CONVERSION = YES;
				CLANG_WARN_OBJC_ROOT_CLASS = YES_ERROR;
				CLANG_WARN_UNREACHABLE_CODE = YES;
				CLANG_WARN__DUPLICATE_METHOD_MATCH = YES;
				CODE_SIGN_IDENTITY = "-";
				COPY_PHASE_STRIP = NO;
				DEBUG_INFORMATION_FORMAT = "dwarf-with-dsym";
				ENABLE_NS_ASSERTIONS = NO;
				ENABLE_STRICT_OBJC_MSGSEND = YES;
				GCC_C_LANGUAGE_STANDARD = gnu99;
				GCC_NO_COMMON_BLOCKS = YES;
				GCC_WARN_64_TO_32_BIT_CONVERSION = YES;
				GCC_WARN_ABOUT_RETURN_TYPE = YES_ERROR;
				GCC_WARN_UNDECLARED_SELECTOR = YES;
				GCC_WARN_UNINITIALIZED_AUTOS = YES_AGGRESSIVE;
				GCC_WARN_UNUSED_FUNCTION = YES;
				GCC_WARN_UNUSED_VARIABLE = YES;
				MACOSX_DEPLOYMENT_TARGET = 10.10;
				MTL_ENABLE_DEBUG_INFO = NO;
				SDKROOT = macosx;
			};
			name = Release;
		};
		28E6289B1C52F1250043AB74 /* Debug */ = {
			isa = XCBuildConfiguration;
			buildSettings = {
				HEADER_SEARCH_PATHS = /usr/local/include;
				LIBRARY_SEARCH_PATHS = /usr/local/Cellar/gsl/1.16/lib;
				PRODUCT_NAME = "$(TARGET_NAME)";
			};
			name = Debug;
		};
		28E6289C1C52F1250043AB74 /* Release */ = {
			isa = XCBuildConfiguration;
			buildSettings = {
				HEADER_SEARCH_PATHS = /usr/local/include;
				LIBRARY_SEARCH_PATHS = /usr/local/Cellar/gsl/1.16/lib;
				PRODUCT_NAME = "$(TARGET_NAME)";
			};
			name = Release;
		};
/* End XCBuildConfiguration section */

/* Begin XCConfigurationList section */
		28E6288E1C52F1250043AB74 /* Build configuration list for PBXProject "idhist" */ = {
			isa = XCConfigurationList;
			buildConfigurations = (
				28E628981C52F1250043AB74 /* Debug */,
				28E628991C52F1250043AB74 /* Release */,
			);
			defaultConfigurationIsVisible = 0;
			defaultConfigurationName = Release;
		};
		28E6289A1C52F1250043AB74 /* Build configuration list for PBXNativeTarget "idhist" */ = {
			isa = XCConfigurationList;
			buildConfigurations = (
				28E6289B1C52F1250043AB74 /* Debug */,
				28E6289C1C52F1250043AB74 /* Release */,
			);
			defaultConfigurationIsVisible = 0;
			defaultConfigurationName = Release;
		};
/* End XCConfigurationList section */
	};
	rootObject = 28E6288B1C52F1250043AB74 /* Project object */;
}
